{
  "name": "lukas-batema.github.io",
  "version": "1.0.0",
  "lockfileVersion": 2,
  "requires": true,
  "packages": {
    "": {
      "name": "lukas-batema.github.io",
      "version": "1.0.0",
      "license": "ISC",
      "dependencies": {
        "@sentry/browser": "^6.19.7",
        "@sentry/tracing": "^6.19.7",
        "animejs": "^3.2.1",
        "tcol": "^1.0.1"
      }
    },
    "node_modules/@sentry/browser": {
      "version": "6.19.7",
      "resolved": "https://registry.npmjs.org/@sentry/browser/-/browser-6.19.7.tgz",
      "integrity": "sha512-oDbklp4O3MtAM4mtuwyZLrgO1qDVYIujzNJQzXmi9YzymJCuzMLSRDvhY83NNDCRxf0pds4DShgYeZdbSyKraA==",
      "dependencies": {
        "@sentry/core": "6.19.7",
        "@sentry/types": "6.19.7",
        "@sentry/utils": "6.19.7",
        "tslib": "^1.9.3"
      },
      "engines": {
        "node": ">=6"
      }
    },
    "node_modules/@sentry/core": {
      "version": "6.19.7",
      "resolved": "https://registry.npmjs.org/@sentry/core/-/core-6.19.7.tgz",
      "integrity": "sha512-tOfZ/umqB2AcHPGbIrsFLcvApdTm9ggpi/kQZFkej7kMphjT+SGBiQfYtjyg9jcRW+ilAR4JXC9BGKsdEQ+8Vw==",
      "dependencies": {
        "@sentry/hub": "6.19.7",
        "@sentry/minimal": "6.19.7",
        "@sentry/types": "6.19.7",
        "@sentry/utils": "6.19.7",
        "tslib": "^1.9.3"
      },
      "engines": {
        "node": ">=6"
      }
    },
    "node_modules/@sentry/hub": {
      "version": "6.19.7",
      "resolved": "https://registry.npmjs.org/@sentry/hub/-/hub-6.19.7.tgz",
      "integrity": "sha512-y3OtbYFAqKHCWezF0EGGr5lcyI2KbaXW2Ik7Xp8Mu9TxbSTuwTe4rTntwg8ngPjUQU3SUHzgjqVB8qjiGqFXCA==",
      "dependencies": {
        "@sentry/types": "6.19.7",
        "@sentry/utils": "6.19.7",
        "tslib": "^1.9.3"
      },
      "engines": {
        "node": ">=6"
      }
    },
    "node_modules/@sentry/minimal": {
      "version": "6.19.7",
      "resolved": "https://registry.npmjs.org/@sentry/minimal/-/minimal-6.19.7.tgz",
      "integrity": "sha512-wcYmSJOdvk6VAPx8IcmZgN08XTXRwRtB1aOLZm+MVHjIZIhHoBGZJYTVQS/BWjldsamj2cX3YGbGXNunaCfYJQ==",
      "dependencies": {
        "@sentry/hub": "6.19.7",
        "@sentry/types": "6.19.7",
        "tslib": "^1.9.3"
      },
      "engines": {
        "node": ">=6"
      }
    },
    "node_modules/@sentry/tracing": {
      "version": "6.19.7",
      "resolved": "https://registry.npmjs.org/@sentry/tracing/-/tracing-6.19.7.tgz",
      "integrity": "sha512-ol4TupNnv9Zd+bZei7B6Ygnr9N3Gp1PUrNI761QSlHtPC25xXC5ssSD3GMhBgyQrcvpuRcCFHVNNM97tN5cZiA==",
      "dependencies": {
        "@sentry/hub": "6.19.7",
        "@sentry/minimal": "6.19.7",
        "@sentry/types": "6.19.7",
        "@sentry/utils": "6.19.7",
        "tslib": "^1.9.3"
      },
      "engines": {
        "node": ">=6"
      }
    },
    "node_modules/@sentry/types": {
      "version": "6.19.7",
      "resolved": "https://registry.npmjs.org/@sentry/types/-/types-6.19.7.tgz",
      "integrity": "sha512-jH84pDYE+hHIbVnab3Hr+ZXr1v8QABfhx39KknxqKWr2l0oEItzepV0URvbEhB446lk/S/59230dlUUIBGsXbg==",
      "engines": {
        "node": ">=6"
      }
    },
    "node_modules/@sentry/utils": {
      "version": "6.19.7",
      "resolved": "https://registry.npmjs.org/@sentry/utils/-/utils-6.19.7.tgz",
      "integrity": "sha512-z95ECmE3i9pbWoXQrD/7PgkBAzJYR+iXtPuTkpBjDKs86O3mT+PXOT3BAn79w2wkn7/i3vOGD2xVr1uiMl26dA==",
      "dependencies": {
        "@sentry/types": "6.19.7",
        "tslib": "^1.9.3"
      },
      "engines": {
        "node": ">=6"
      }
    },
    "node_modules/animejs": {
      "version": "3.2.1",
      "resolved": "https://registry.npmjs.org/animejs/-/animejs-3.2.1.tgz",
      "integrity": "sha512-sWno3ugFryK5nhiDm/2BKeFCpZv7vzerWUcUPyAZLDhMek3+S/p418ldZJbJXo5ZUOpfm2kP2XRO4NJcULMy9A=="
    },
    "node_modules/tcol": {
      "version": "1.0.1",
      "resolved": "https://registry.npmjs.org/tcol/-/tcol-1.0.1.tgz",
      "integrity": "sha512-H6KQtOTKSK1l8jmveaMaGzpg9YUVcG1xKseyCwBvAtulCqX4XCyIbX5IHmZh2/YlIXYhNe/Fecsk/LTiS+0M5Q=="
    },
    "node_modules/tslib": {
      "version": "1.14.1",
      "resolved": "https://registry.npmjs.org/tslib/-/tslib-1.14.1.tgz",
      "integrity": "sha512-Xni35NKzjgMrwevysHTCArtLDpPvye8zV/0E4EyYn43P7/7qvQwPh9BGkHewbMulVntbigmcT7rdX3BNo9wRJg=="
    }
  },
  "dependencies": {
    "@sentry/browser": {
      "version": "6.19.7",
      "resolved": "https://registry.npmjs.org/@sentry/browser/-/browser-6.19.7.tgz",
      "integrity": "sha512-oDbklp4O3MtAM4mtuwyZLrgO1qDVYIujzNJQzXmi9YzymJCuzMLSRDvhY83NNDCRxf0pds4DShgYeZdbSyKraA==",
      "requires": {
        "@sentry/core": "6.19.7",
        "@sentry/types": "6.19.7",
        "@sentry/utils": "6.19.7",
        "tslib": "^1.9.3"
      }
    },
    "@sentry/core": {
      "version": "6.19.7",
      "resolved": "https://registry.npmjs.org/@sentry/core/-/core-6.19.7.tgz",
      "integrity": "sha512-tOfZ/umqB2AcHPGbIrsFLcvApdTm9ggpi/kQZFkej7kMphjT+SGBiQfYtjyg9jcRW+ilAR4JXC9BGKsdEQ+8Vw==",
      "requires": {
        "@sentry/hub": "6.19.7",
        "@sentry/minimal": "6.19.7",
        "@sentry/types": "6.19.7",
        "@sentry/utils": "6.19.7",
        "tslib": "^1.9.3"
      }
    },
    "@sentry/hub": {
      "version": "6.19.7",
      "resolved": "https://registry.npmjs.org/@sentry/hub/-/hub-6.19.7.tgz",
      "integrity": "sha512-y3OtbYFAqKHCWezF0EGGr5lcyI2KbaXW2Ik7Xp8Mu9TxbSTuwTe4rTntwg8ngPjUQU3SUHzgjqVB8qjiGqFXCA==",
      "requires": {
        "@sentry/types": "6.19.7",
        "@sentry/utils": "6.19.7",
        "tslib": "^1.9.3"
      }
    },
    "@sentry/minimal": {
      "version": "6.19.7",
      "resolved": "https://registry.npmjs.org/@sentry/minimal/-/minimal-6.19.7.tgz",
      "integrity": "sha512-wcYmSJOdvk6VAPx8IcmZgN08XTXRwRtB1aOLZm+MVHjIZIhHoBGZJYTVQS/BWjldsamj2cX3YGbGXNunaCfYJQ==",
      "requires": {
        "@sentry/hub": "6.19.7",
        "@sentry/types": "6.19.7",
        "tslib": "^1.9.3"
      }
    },
    "@sentry/tracing": {
      "version": "6.19.7",
      "resolved": "https://registry.npmjs.org/@sentry/tracing/-/tracing-6.19.7.tgz",
      "integrity": "sha512-ol4TupNnv9Zd+bZei7B6Ygnr9N3Gp1PUrNI761QSlHtPC25xXC5ssSD3GMhBgyQrcvpuRcCFHVNNM97tN5cZiA==",
      "requires": {
        "@sentry/hub": "6.19.7",
        "@sentry/minimal": "6.19.7",
        "@sentry/types": "6.19.7",
        "@sentry/utils": "6.19.7",
        "tslib": "^1.9.3"
      }
    },
    "@sentry/types": {
      "version": "6.19.7",
      "resolved": "https://registry.npmjs.org/@sentry/types/-/types-6.19.7.tgz",
      "integrity": "sha512-jH84pDYE+hHIbVnab3Hr+ZXr1v8QABfhx39KknxqKWr2l0oEItzepV0URvbEhB446lk/S/59230dlUUIBGsXbg=="
    },
    "@sentry/utils": {
      "version": "6.19.7",
      "resolved": "https://registry.npmjs.org/@sentry/utils/-/utils-6.19.7.tgz",
      "integrity": "sha512-z95ECmE3i9pbWoXQrD/7PgkBAzJYR+iXtPuTkpBjDKs86O3mT+PXOT3BAn79w2wkn7/i3vOGD2xVr1uiMl26dA==",
      "requires": {
        "@sentry/types": "6.19.7",
        "tslib": "^1.9.3"
      }
    },
    "animejs": {
      "version": "3.2.1",
      "resolved": "https://registry.npmjs.org/animejs/-/animejs-3.2.1.tgz",
      "integrity": "sha512-sWno3ugFryK5nhiDm/2BKeFCpZv7vzerWUcUPyAZLDhMek3+S/p418ldZJbJXo5ZUOpfm2kP2XRO4NJcULMy9A=="
    },
    "tcol": {
      "version": "1.0.1",
      "resolved": "https://registry.npmjs.org/tcol/-/tcol-1.0.1.tgz",
      "integrity": "sha512-H6KQtOTKSK1l8jmveaMaGzpg9YUVcG1xKseyCwBvAtulCqX4XCyIbX5IHmZh2/YlIXYhNe/Fecsk/LTiS+0M5Q=="
    },
    "tslib": {
      "version": "1.14.1",
      "resolved": "https://registry.npmjs.org/tslib/-/tslib-1.14.1.tgz",
      "integrity": "sha512-Xni35NKzjgMrwevysHTCArtLDpPvye8zV/0E4EyYn43P7/7qvQwPh9BGkHewbMulVntbigmcT7rdX3BNo9wRJg=="
    }
  }
}
